// !$*UTF8*$!
{
	archiveVersion = 1;
	classes = {
	};
	objectVersion = 48;
	objects = {

/* Begin PBXBuildFile section */
		971BC9C82075CB0900BD773D /* AppDelegate.m in Sources */ = {isa = PBXBuildFile; fileRef = 971BC9C72075CB0900BD773D /* AppDelegate.m */; };
		971BC9CB2075CB0900BD773D /* ViewController.m in Sources */ = {isa = PBXBuildFile; fileRef = 971BC9CA2075CB0900BD773D /* ViewController.m */; };
		971BC9CE2075CB0900BD773D /* Main.storyboard in Resources */ = {isa = PBXBuildFile; fileRef = 971BC9CC2075CB0900BD773D /* Main.storyboard */; };
		971BC9D02075CB0900BD773D /* Assets.xcassets in Resources */ = {isa = PBXBuildFile; fileRef = 971BC9CF2075CB0900BD773D /* Assets.xcassets */; };
		971BC9D32075CB0900BD773D /* LaunchScreen.storyboard in Resources */ = {isa = PBXBuildFile; fileRef = 971BC9D12075CB0900BD773D /* LaunchScreen.storyboard */; };
		971BC9D62075CB0900BD773D /* main.m in Sources */ = {isa = PBXBuildFile; fileRef = 971BC9D52075CB0900BD773D /* main.m */; };
		97CC023120B436B800044B22 /* TestPlugin.m in Sources */ = {isa = PBXBuildFile; fileRef = 97CC023020B436B800044B22 /* TestPlugin.m */; };
		97CC023420B449D900044B22 /* TestViewController.m in Sources */ = {isa = PBXBuildFile; fileRef = 97CC023320B449D900044B22 /* TestViewController.m */; };
		A2E7D89177D8473E9140C05B /* Pods_LSKitDemo.framework in Frameworks */ = {isa = PBXBuildFile; fileRef = 008FC65DE8291FC471C65836 /* Pods_LSKitDemo.framework */; };
/* End PBXBuildFile section */

/* Begin PBXFileReference section */
		008FC65DE8291FC471C65836 /* Pods_LSKitDemo.framework */ = {isa = PBXFileReference; explicitFileType = wrapper.framework; includeInIndex = 0; path = Pods_LSKitDemo.framework; sourceTree = BUILT_PRODUCTS_DIR; };
		260789641184CBCA365EFC61 /* Pods-LSKitDemo.debug.xcconfig */ = {isa = PBXFileReference; includeInIndex = 1; lastKnownFileType = text.xcconfig; name = "Pods-LSKitDemo.debug.xcconfig"; path = "Pods/Target Support Files/Pods-LSKitDemo/Pods-LSKitDemo.debug.xcconfig"; sourceTree = "<group>"; };
		971BC9C32075CB0900BD773D /* LSKitDemo.app */ = {isa = PBXFileReference; explicitFileType = wrapper.application; includeInIndex = 0; path = LSKitDemo.app; sourceTree = BUILT_PRODUCTS_DIR; };
		971BC9C62075CB0900BD773D /* AppDelegate.h */ = {isa = PBXFileReference; lastKnownFileType = sourcecode.c.h; path = AppDelegate.h; sourceTree = "<group>"; };
		971BC9C72075CB0900BD773D /* AppDelegate.m */ = {isa = PBXFileReference; lastKnownFileType = sourcecode.c.objc; path = AppDelegate.m; sourceTree = "<group>"; };
		971BC9C92075CB0900BD773D /* ViewController.h */ = {isa = PBXFileReference; lastKnownFileType = sourcecode.c.h; path = ViewController.h; sourceTree = "<group>"; };
		971BC9CA2075CB0900BD773D /* ViewController.m */ = {isa = PBXFileReference; lastKnownFileType = sourcecode.c.objc; path = ViewController.m; sourceTree = "<group>"; };
		971BC9CD2075CB0900BD773D /* Base */ = {isa = PBXFileReference; lastKnownFileType = file.storyboard; name = Base; path = Base.lproj/Main.storyboard; sourceTree = "<group>"; };
		971BC9CF2075CB0900BD773D /* Assets.xcassets */ = {isa = PBXFileReference; lastKnownFileType = folder.assetcatalog; path = Assets.xcassets; sourceTree = "<group>"; };
		971BC9D22075CB0900BD773D /* Base */ = {isa = PBXFileReference; lastKnownFileType = file.storyboard; name = Base; path = Base.lproj/LaunchScreen.storyboard; sourceTree = "<group>"; };
		971BC9D42075CB0900BD773D /* Info.plist */ = {isa = PBXFileReference; lastKnownFileType = text.plist.xml; path = Info.plist; sourceTree = "<group>"; };
		971BC9D52075CB0900BD773D /* main.m */ = {isa = PBXFileReference; lastKnownFileType = sourcecode.c.objc; path = main.m; sourceTree = "<group>"; };
		97CC022F20B436B800044B22 /* TestPlugin.h */ = {isa = PBXFileReference; lastKnownFileType = sourcecode.c.h; path = TestPlugin.h; sourceTree = "<group>"; };
		97CC023020B436B800044B22 /* TestPlugin.m */ = {isa = PBXFileReference; lastKnownFileType = sourcecode.c.objc; path = TestPlugin.m; sourceTree = "<group>"; };
		97CC023220B449D900044B22 /* TestViewController.h */ = {isa = PBXFileReference; lastKnownFileType = sourcecode.c.h; path = TestViewController.h; sourceTree = "<group>"; };
		97CC023320B449D900044B22 /* TestViewController.m */ = {isa = PBXFileReference; lastKnownFileType = sourcecode.c.objc; path = TestViewController.m; sourceTree = "<group>"; };
		BDC65EF7A68696E6BBECECF6 /* Pods-LSKitDemo.release.xcconfig */ = {isa = PBXFileReference; includeInIndex = 1; lastKnownFileType = text.xcconfig; name = "Pods-LSKitDemo.release.xcconfig"; path = "Pods/Target Support Files/Pods-LSKitDemo/Pods-LSKitDemo.release.xcconfig"; sourceTree = "<group>"; };
/* End PBXFileReference section */

/* Begin PBXFrameworksBuildPhase section */
		971BC9C02075CB0900BD773D /* Frameworks */ = {
			isa = PBXFrameworksBuildPhase;
			buildActionMask = 2147483647;
			files = (
				A2E7D89177D8473E9140C05B /* Pods_LSKitDemo.framework in Frameworks */,
			);
			runOnlyForDeploymentPostprocessing = 0;
		};
/* End PBXFrameworksBuildPhase section */

/* Begin PBXGroup section */
		195D7F1017DBA96DF9A144CB /* Pods */ = {
			isa = PBXGroup;
			children = (
				260789641184CBCA365EFC61 /* Pods-LSKitDemo.debug.xcconfig */,
				BDC65EF7A68696E6BBECECF6 /* Pods-LSKitDemo.release.xcconfig */,
			);
			name = Pods;
			sourceTree = "<group>";
		};
		69B1E397B6F0DE29CCA99116 /* Frameworks */ = {
			isa = PBXGroup;
			children = (
				008FC65DE8291FC471C65836 /* Pods_LSKitDemo.framework */,
			);
			name = Frameworks;
			sourceTree = "<group>";
		};
		971BC9BA2075CB0900BD773D = {
			isa = PBXGroup;
			children = (
				971BC9C52075CB0900BD773D /* LSKitDemo */,
				971BC9C42075CB0900BD773D /* Products */,
				195D7F1017DBA96DF9A144CB /* Pods */,
				69B1E397B6F0DE29CCA99116 /* Frameworks */,
			);
			sourceTree = "<group>";
		};
		971BC9C42075CB0900BD773D /* Products */ = {
			isa = PBXGroup;
			children = (
				971BC9C32075CB0900BD773D /* LSKitDemo.app */,
			);
			name = Products;
			sourceTree = "<group>";
		};
		971BC9C52075CB0900BD773D /* LSKitDemo */ = {
			isa = PBXGroup;
			children = (
				971BC9C62075CB0900BD773D /* AppDelegate.h */,
				971BC9C72075CB0900BD773D /* AppDelegate.m */,
				971BC9C92075CB0900BD773D /* ViewController.h */,
				971BC9CA2075CB0900BD773D /* ViewController.m */,
				971BC9CC2075CB0900BD773D /* Main.storyboard */,
				971BC9CF2075CB0900BD773D /* Assets.xcassets */,
				971BC9D12075CB0900BD773D /* LaunchScreen.storyboard */,
				971BC9D42075CB0900BD773D /* Info.plist */,
				971BC9D52075CB0900BD773D /* main.m */,
				97CC022F20B436B800044B22 /* TestPlugin.h */,
				97CC023020B436B800044B22 /* TestPlugin.m */,
				97CC023220B449D900044B22 /* TestViewController.h */,
				97CC023320B449D900044B22 /* TestViewController.m */,
			);
			path = LSKitDemo;
			sourceTree = "<group>";
		};
/* End PBXGroup section */

/* Begin PBXNativeTarget section */
		971BC9C22075CB0900BD773D /* LSKitDemo */ = {
			isa = PBXNativeTarget;
			buildConfigurationList = 971BC9D92075CB0900BD773D /* Build configuration list for PBXNativeTarget "LSKitDemo" */;
			buildPhases = (
				404DD7C8CE241633FFF7D488 /* [CP] Check Pods Manifest.lock */,
				971BC9BF2075CB0900BD773D /* Sources */,
				971BC9C02075CB0900BD773D /* Frameworks */,
				971BC9C12075CB0900BD773D /* Resources */,
				3C485CDC0123F8ECBDD1EB91 /* [CP] Embed Pods Frameworks */,
			);
			buildRules = (
			);
			dependencies = (
			);
			name = LSKitDemo;
			productName = LSKitDemo;
			productReference = 971BC9C32075CB0900BD773D /* LSKitDemo.app */;
			productType = "com.apple.product-type.application";
		};
/* End PBXNativeTarget section */

/* Begin PBXProject section */
		971BC9BB2075CB0900BD773D /* Project object */ = {
			isa = PBXProject;
			attributes = {
				LastUpgradeCheck = 0920;
				ORGANIZATIONNAME = LSKitDemo;
				TargetAttributes = {
					971BC9C22075CB0900BD773D = {
						CreatedOnToolsVersion = 9.2;
						ProvisioningStyle = Automatic;
					};
				};
			};
			buildConfigurationList = 971BC9BE2075CB0900BD773D /* Build configuration list for PBXProject "LSKitDemo" */;
			compatibilityVersion = "Xcode 8.0";
			developmentRegion = en;
			hasScannedForEncodings = 0;
			knownRegions = (
				en,
				Base,
			);
			mainGroup = 971BC9BA2075CB0900BD773D;
			productRefGroup = 971BC9C42075CB0900BD773D /* Products */;
			projectDirPath = "";
			projectRoot = "";
			targets = (
				971BC9C22075CB0900BD773D /* LSKitDemo */,
			);
		};
/* End PBXProject section */

/* Begin PBXResourcesBuildPhase section */
		971BC9C12075CB0900BD773D /* Resources */ = {
			isa = PBXResourcesBuildPhase;
			buildActionMask = 2147483647;
			files = (
				971BC9D32075CB0900BD773D /* LaunchScreen.storyboard in Resources */,
				971BC9D02075CB0900BD773D /* Assets.xcassets in Resources */,
				971BC9CE2075CB0900BD773D /* Main.storyboard in Resources */,
			);
			runOnlyForDeploymentPostprocessing = 0;
		};
/* End PBXResourcesBuildPhase section */

/* Begin PBXShellScriptBuildPhase section */
		3C485CDC0123F8ECBDD1EB91 /* [CP] Embed Pods Frameworks */ = {
			isa = PBXShellScriptBuildPhase;
			buildActionMask = 2147483647;
			files = (
			);
			inputPaths = (
				"${SRCROOT}/Pods/Target Support Files/Pods-LSKitDemo/Pods-LSKitDemo-frameworks.sh",
				"${BUILT_PRODUCTS_DIR}/AFNetworking/AFNetworking.framework",
				"${BUILT_PRODUCTS_DIR}/CocoaLumberjack/CocoaLumberjack.framework",
				"${BUILT_PRODUCTS_DIR}/JTObjectMapping/JTObjectMapping.framework",
				"${BUILT_PRODUCTS_DIR}/LSKit/LSKit.framework",
				"${BUILT_PRODUCTS_DIR}/YYKit/YYKit.framework",
			);
			name = "[CP] Embed Pods Frameworks";
			outputPaths = (
				"${TARGET_BUILD_DIR}/${FRAMEWORKS_FOLDER_PATH}/AFNetworking.framework",
				"${TARGET_BUILD_DIR}/${FRAMEWORKS_FOLDER_PATH}/CocoaLumberjack.framework",
				"${TARGET_BUILD_DIR}/${FRAMEWORKS_FOLDER_PATH}/JTObjectMapping.framework",
				"${TARGET_BUILD_DIR}/${FRAMEWORKS_FOLDER_PATH}/LSKit.framework",
				"${TARGET_BUILD_DIR}/${FRAMEWORKS_FOLDER_PATH}/YYKit.framework",
			);
			runOnlyForDeploymentPostprocessing = 0;
			shellPath = /bin/sh;
			shellScript = "\"${SRCROOT}/Pods/Target Support Files/Pods-LSKitDemo/Pods-LSKitDemo-frameworks.sh\"\n";
			showEnvVarsInLog = 0;
		};
		404DD7C8CE241633FFF7D488 /* [CP] Check Pods Manifest.lock */ = {
			isa = PBXShellScriptBuildPhase;
			buildActionMask = 2147483647;
			files = (
			);
			inputPaths = (
				"${PODS_PODFILE_DIR_PATH}/Podfile.lock",
				"${PODS_ROOT}/Manifest.lock",
			);
			name = "[CP] Check Pods Manifest.lock";
			outputPaths = (
				"$(DERIVED_FILE_DIR)/Pods-LSKitDemo-checkManifestLockResult.txt",
			);
			runOnlyForDeploymentPostprocessing = 0;
			shellPath = /bin/sh;
			shellScript = "diff \"${PODS_PODFILE_DIR_PATH}/Podfile.lock\" \"${PODS_ROOT}/Manifest.lock\" > /dev/null\nif [ $? != 0 ] ; then\n    # print error to STDERR\n    echo \"error: The sandbox is not in sync with the Podfile.lock. Run 'pod install' or update your CocoaPods installation.\" >&2\n    exit 1\nfi\n# This output is used by Xcode 'outputs' to avoid re-running this script phase.\necho \"SUCCESS\" > \"${SCRIPT_OUTPUT_FILE_0}\"\n";
			showEnvVarsInLog = 0;
		};
/* End PBXShellScriptBuildPhase section */

/* Begin PBXSourcesBuildPhase section */
		971BC9BF2075CB0900BD773D /* Sources */ = {
			isa = PBXSourcesBuildPhase;
			buildActionMask = 2147483647;
			files = (
				971BC9CB2075CB0900BD773D /* ViewController.m in Sources */,
				971BC9D62075CB0900BD773D /* main.m in Sources */,
				97CC023120B436B800044B22 /* TestPlugin.m in Sources */,
				971BC9C82075CB0900BD773D /* AppDelegate.m in Sources */,
				97CC023420B449D900044B22 /* TestViewController.m in Sources */,
			);
			runOnlyForDeploymentPostprocessing = 0;
		};
/* End PBXSourcesBuildPhase section */

/* Begin PBXVariantGroup section */
		971BC9CC2075CB0900BD773D /* Main.storyboard */ = {
			isa = PBXVariantGroup;
			children = (
				971BC9CD2075CB0900BD773D /* Base */,
			);
			name = Main.storyboard;
			sourceTree = "<group>";
		};
		971BC9D12075CB0900BD773D /* LaunchScreen.storyboard */ = {
			isa = PBXVariantGroup;
			children = (
				971BC9D22075CB0900BD773D /* Base */,
			);
			name = LaunchScreen.storyboard;
			sourceTree = "<group>";
		};
/* End PBXVariantGroup section */

/* Begin XCBuildConfiguration section */
		971BC9D72075CB0900BD773D /* Debug */ = {
			isa = XCBuildConfiguration;
			buildSettings = {
				ALWAYS_SEARCH_USER_PATHS = NO;
				CLANG_ANALYZER_NONNULL = YES;
				CLANG_ANALYZER_NUMBER_OBJECT_CONVERSION = YES_AGGRESSIVE;
				CLANG_CXX_LANGUAGE_STANDARD = "gnu++14";
				CLANG_CXX_LIBRARY = "libc++";
				CLANG_ENABLE_MODULES = YES;
				CLANG_ENABLE_OBJC_ARC = YES;
				CLANG_WARN_BLOCK_CAPTURE_AUTORELEASING = YES;
				CLANG_WARN_BOOL_CONVERSION = YES;
				CLANG_WARN_COMMA = YES;
				CLANG_WARN_CONSTANT_CONVERSION = YES;
				CLANG_WARN_DIRECT_OBJC_ISA_USAGE = YES_ERROR;
				CLANG_WARN_DOCUMENTATION_COMMENTS = YES;
				CLANG_WARN_EMPTY_BODY = YES;
				CLANG_WARN_ENUM_CONVERSION = YES;
				CLANG_WARN_INFINITE_RECURSION = YES;
				CLANG_WARN_INT_CONVERSION = YES;
				CLANG_WARN_NON_LITERAL_NULL_CONVERSION = YES;
				CLANG_WARN_OBJC_LITERAL_CONVERSION = YES;
				CLANG_WARN_OBJC_ROOT_CLASS = YES_ERROR;
				CLANG_WARN_RANGE_LOOP_ANALYSIS = YES;
				CLANG_WARN_STRICT_PROTOTYPES = YES;
				CLANG_WARN_SUSPICIOUS_MOVE = YES;
				CLANG_WARN_UNGUARDED_AVAILABILITY = YES_AGGRESSIVE;
				CLANG_WARN_UNREACHABLE_CODE = YES;
				CLANG_WARN__DUPLICATE_METHOD_MATCH = YES;
				CODE_SIGN_IDENTITY = "iPhone Developer";
				COPY_PHASE_STRIP = NO;
				DEBUG_INFORMATION_FORMAT = dwarf;
				ENABLE_STRICT_OBJC_MSGSEND = YES;
				ENABLE_TESTABILITY = YES;
				GCC_C_LANGUAGE_STANDARD = gnu11;
				GCC_DYNAMIC_NO_PIC = NO;
				GCC_NO_COMMON_BLOCKS = YES;
				GCC_OPTIMIZATION_LEVEL = 0;
				GCC_PREPROCESSOR_DEFINITIONS = (
					"DEBUG=1",
					"$(inherited)",
				);
				GCC_WARN_64_TO_32_BIT_CONVERSION = YES;
				GCC_WARN_ABOUT_RETURN_TYPE = YES_ERROR;
				GCC_WARN_UNDECLARED_SELECTOR = YES;
				GCC_WARN_UNINITIALIZED_AUTOS = YES_AGGRESSIVE;
				GCC_WARN_UNUSED_FUNCTION = YES;
				GCC_WARN_UNUSED_VARIABLE = YES;
				IPHONEOS_DEPLOYMENT_TARGET = 11.2;
				MTL_ENABLE_DEBUG_INFO = YES;
				ONLY_ACTIVE_ARCH = YES;
				SDKROOT = iphoneos;
			};
			name = Debug;
		};
		971BC9D82075CB0900BD773D /* Release */ = {
			isa = XCBuildConfiguration;
			buildSettings = {
				ALWAYS_SEARCH_USER_PATHS = NO;
				CLANG_ANALYZER_NONNULL = YES;
				CLANG_ANALYZER_NUMBER_OBJECT_CONVERSION = YES_AGGRESSIVE;
				CLANG_CXX_LANGUAGE_STANDARD = "gnu++14";
				CLANG_CXX_LIBRARY = "libc++";
				CLANG_ENABLE_MODULES = YES;
				CLANG_ENABLE_OBJC_ARC = YES;
				CLANG_WARN_BLOCK_CAPTURE_AUTORELEASING = YES;
				CLANG_WARN_BOOL_CONVERSION = YES;
				CLANG_WARN_COMMA = YES;
				CLANG_WARN_CONSTANT_CONVERSION = YES;
				CLANG_WARN_DIRECT_OBJC_ISA_USAGE = YES_ERROR;
				CLANG_WARN_DOCUMENTATION_COMMENTS = YES;
				CLANG_WARN_EMPTY_BODY = YES;
				CLANG_WARN_ENUM_CONVERSION = YES;
				CLANG_WARN_INFINITE_RECURSION = YES;
				CLANG_WARN_INT_CONVERSION = YES;
				CLANG_WARN_NON_LITERAL_NULL_CONVERSION = YES;
				CLANG_WARN_OBJC_LITERAL_CONVERSION = YES;
				CLANG_WARN_OBJC_ROOT_CLASS = YES_ERROR;
				CLANG_WARN_RANGE_LOOP_ANALYSIS = YES;
				CLANG_WARN_STRICT_PROTOTYPES = YES;
				CLANG_WARN_SUSPICIOUS_MOVE = YES;
				CLANG_WARN_UNGUARDED_AVAILABILITY = YES_AGGRESSIVE;
				CLANG_WARN_UNREACHABLE_CODE = YES;
				CLANG_WARN__DUPLICATE_METHOD_MATCH = YES;
				CODE_SIGN_IDENTITY = "iPhone Developer";
				COPY_PHASE_STRIP = NO;
				DEBUG_INFORMATION_FORMAT = "dwarf-with-dsym";
				ENABLE_NS_ASSERTIONS = NO;
				ENABLE_STRICT_OBJC_MSGSEND = YES;
				GCC_C_LANGUAGE_STANDARD = gnu11;
				GCC_NO_COMMON_BLOCKS = YES;
				GCC_WARN_64_TO_32_BIT_CONVERSION = YES;
				GCC_WARN_ABOUT_RETURN_TYPE = YES_ERROR;
				GCC_WARN_UNDECLARED_SELECTOR = YES;
				GCC_WARN_UNINITIALIZED_AUTOS = YES_AGGRESSIVE;
				GCC_WARN_UNUSED_FUNCTION = YES;
				GCC_WARN_UNUSED_VARIABLE = YES;
				IPHONEOS_DEPLOYMENT_TARGET = 11.2;
				MTL_ENABLE_DEBUG_INFO = NO;
				SDKROOT = iphoneos;
				VALIDATE_PRODUCT = YES;
			};
			name = Release;
		};
		971BC9DA2075CB0900BD773D /* Debug */ = {
			isa = XCBuildConfiguration;
			baseConfigurationReference = 260789641184CBCA365EFC61 /* Pods-LSKitDemo.debug.xcconfig */;
			buildSettings = {
				ASSETCATALOG_COMPILER_APPICON_NAME = AppIcon;
				CODE_SIGN_STYLE = Automatic;
				INFOPLIST_FILE = LSKitDemo/Info.plist;
				LD_RUNPATH_SEARCH_PATHS = "$(inherited) @executable_path/Frameworks";
				PRODUCT_BUNDLE_IDENTIFIER = LSKitDemo.LSKitDemo;
				PRODUCT_NAME = "$(TARGET_NAME)";
				TARGETED_DEVICE_FAMILY = "1,2";
			};
			name = Debug;
		};
		971BC9DB2075CB0900BD773D /* Release */ = {
			isa = XCBuildConfiguration;
			baseConfigurationReference = BDC65EF7A68696E6BBECECF6 /* Pods-LSKitDemo.release.xcconfig */;
			buildSettings = {
				ASSETCATALOG_COMPILER_APPICON_NAME = AppIcon;
				CODE_SIGN_STYLE = Automatic;
				INFOPLIST_FILE = LSKitDemo/Info.plist;
				LD_RUNPATH_SEARCH_PATHS = "$(inherited) @executable_path/Frameworks";
				PRODUCT_BUNDLE_IDENTIFIER = LSKitDemo.LSKitDemo;
				PRODUCT_NAME = "$(TARGET_NAME)";
				TARGETED_DEVICE_FAMILY = "1,2";
			};
			name = Release;
		};
/* End XCBuildConfiguration section */

/* Begin XCConfigurationList section */
		971BC9BE2075CB0900BD773D /* Build configuration list for PBXProject "LSKitDemo" */ = {
			isa = XCConfigurationList;
			buildConfigurations = (
				971BC9D72075CB0900BD773D /* Debug */,
				971BC9D82075CB0900BD773D /* Release */,
			);
			defaultConfigurationIsVisible = 0;
			defaultConfigurationName = Release;
		};
		971BC9D92075CB0900BD773D /* Build configuration list for PBXNativeTarget "LSKitDemo" */ = {
			isa = XCConfigurationList;
			buildConfigurations = (
				971BC9DA2075CB0900BD773D /* Debug */,
				971BC9DB2075CB0900BD773D /* Release */,
			);
			defaultConfigurationIsVisible = 0;
			defaultConfigurationName = Release;
		};
/* End XCConfigurationList section */
	};
	rootObject = 971BC9BB2075CB0900BD773D /* Project object */;
}
